
Microsoft Visual Studio Solution File, Format Version 12.00
# Visual Studio Version 16
VisualStudioVersion = 16.0.31205.134
MinimumVisualStudioVersion = 10.0.40219.1
Project("{2150E333-8FDC-42A3-9474-1A3956D46DE8}") = "0 - Domain", "0 - Domain", "{92A4BEC5-EF27-4201-8125-E5DE6BDEBFD6}"
EndProject
Project("{9A19103F-16F7-4668-BE54-9A1E7A4F7556}") = "RallyHolder.Domain", "RallyHolder.Domain\RallyHolder.Domain.csproj", "{258722E4-2B48-4C2F-A5CB-B4F2EA337A66}"
EndProject
Project("{9A19103F-16F7-4668-BE54-9A1E7A4F7556}") = "RallyHolder.Domain.Tests", "RallyHolder.Domain.Tests\RallyHolder.Domain.Tests.csproj", "{7B4BD38B-2A30-462E-AAB6-6C3A47979C18}"
EndProject
Global
	GlobalSection(SolutionConfigurationPlatforms) = preSolution
		Debug|Any CPU = Debug|Any CPU
		Release|Any CPU = Release|Any CPU
	EndGlobalSection
	GlobalSection(ProjectConfigurationPlatforms) = postSolution
		{258722E4-2B48-4C2F-A5CB-B4F2EA337A66}.Debug|Any CPU.ActiveCfg = Debug|Any CPU
		{258722E4-2B48-4C2F-A5CB-B4F2EA337A66}.Debug|Any CPU.Build.0 = Debug|Any CPU
		{258722E4-2B48-4C2F-A5CB-B4F2EA337A66}.Release|Any CPU.ActiveCfg = Release|Any CPU
		{258722E4-2B48-4C2F-A5CB-B4F2EA337A66}.Release|Any CPU.Build.0 = Release|Any CPU
		{7B4BD38B-2A30-462E-AAB6-6C3A47979C18}.Debug|Any CPU.ActiveCfg = Debug|Any CPU
		{7B4BD38B-2A30-462E-AAB6-6C3A47979C18}.Debug|Any CPU.Build.0 = Debug|Any CPU
		{7B4BD38B-2A30-462E-AAB6-6C3A47979C18}.Release|Any CPU.ActiveCfg = Release|Any CPU
		{7B4BD38B-2A30-462E-AAB6-6C3A47979C18}.Release|Any CPU.Build.0 = Release|Any CPU
	EndGlobalSection
	GlobalSection(SolutionProperties) = preSolution
		HideSolutionNode = FALSE
	EndGlobalSection
	GlobalSection(NestedProjects) = preSolution
		{258722E4-2B48-4C2F-A5CB-B4F2EA337A66} = {92A4BEC5-EF27-4201-8125-E5DE6BDEBFD6}
		{7B4BD38B-2A30-462E-AAB6-6C3A47979C18} = {92A4BEC5-EF27-4201-8125-E5DE6BDEBFD6}
	EndGlobalSection
	GlobalSection(ExtensibilityGlobals) = postSolution
		SolutionGuid = {CE1D3EA5-4505-4864-A7C9-BDB3AAE1FCFD}
	EndGlobalSection
EndGlobal
